
Microsoft Visual Studio Solution File, Format Version 11.00
# Visual Studio 2010
Project("{FAE04EC0-301F-11D3-BF4B-00C04F79EFBC}") = "UnityEngine.UI", "UnityEngine.UI.csproj", "{abcef2e0-20db-ab0d-3f9d-6c2c8ff1e972}"
EndProject
Project("{FAE04EC0-301F-11D3-BF4B-00C04F79EFBC}") = "Assembly-CSharp", "Assembly-CSharp.csproj", "{300a2db9-df8c-dd67-4c51-5a1073199c95}"
EndProject
Project("{FAE04EC0-301F-11D3-BF4B-00C04F79EFBC}") = "Unity.RenderPipelines.Core.Runtime", "Unity.RenderPipelines.Core.Runtime.csproj", "{056302c8-1e39-3ef0-a073-c58548c350e0}"
EndProject
Project("{FAE04EC0-301F-11D3-BF4B-00C04F79EFBC}") = "UnityEngine.TestRunner", "UnityEngine.TestRunner.csproj", "{78288c83-1d28-290f-9e7d-bd76b6da9ad4}"
EndProject
Project("{FAE04EC0-301F-11D3-BF4B-00C04F79EFBC}") = "Unity.Mathematics", "Unity.Mathematics.csproj", "{b8680277-12ec-0cc8-e5f5-5736870c89cd}"
EndProject
Project("{FAE04EC0-301F-11D3-BF4B-00C04F79EFBC}") = "Unity.VisualScripting.State", "Unity.VisualScripting.State.csproj", "{4c076a2b-f546-997b-9185-0cfc66006748}"
EndProject
Project("{FAE04EC0-301F-11D3-BF4B-00C04F79EFBC}") = "Unity.VisualScripting.Core", "Unity.VisualScripting.Core.csproj", "{9e45b3a2-2866-9e82-ef42-99e41ae8d326}"
EndProject
Project("{FAE04EC0-301F-11D3-BF4B-00C04F79EFBC}") = "Unity.RenderPipelines.Universal.Runtime", "Unity.RenderPipelines.Universal.Runtime.csproj", "{c60a3919-cc39-95d4-ffb5-33ac01e26e49}"
EndProject
Project("{FAE04EC0-301F-11D3-BF4B-00C04F79EFBC}") = "Unity.VisualScripting.Flow", "Unity.VisualScripting.Flow.csproj", "{36827c97-50bb-15e8-d15e-a533ce5d3b04}"
EndProject
Project("{FAE04EC0-301F-11D3-BF4B-00C04F79EFBC}") = "Unity.2D.Animation.Runtime", "Unity.2D.Animation.Runtime.csproj", "{367946ed-0514-ce8a-0722-09fe1738c631}"
EndProject
Project("{FAE04EC0-301F-11D3-BF4B-00C04F79EFBC}") = "Unity.TextMeshPro", "Unity.TextMeshPro.csproj", "{6748d4d7-5a7c-414a-0758-bdd82723e331}"
EndProject
Project("{FAE04EC0-301F-11D3-BF4B-00C04F79EFBC}") = "Cinemachine", "Cinemachine.csproj", "{61aaacc3-b538-5647-304f-f2ad8085dc3f}"
EndProject
Project("{FAE04EC0-301F-11D3-BF4B-00C04F79EFBC}") = "Unity.Timeline", "Unity.Timeline.csproj", "{cb58f357-2ab1-100a-538d-6ece56cb4fd3}"
EndProject
Project("{FAE04EC0-301F-11D3-BF4B-00C04F79EFBC}") = "Unity.2D.SpriteShape.Runtime", "Unity.2D.SpriteShape.Runtime.csproj", "{ca9877e0-e8fe-c29d-a5da-8a36a1771656}"
EndProject
Project("{FAE04EC0-301F-11D3-BF4B-00C04F79EFBC}") = "Unity.2D.Animation.Triangle.Runtime", "Unity.2D.Animation.Triangle.Runtime.csproj", "{68f56b21-a5e9-d2c3-d758-4ca678f9e8cd}"
EndProject
Project("{FAE04EC0-301F-11D3-BF4B-00C04F79EFBC}") = "Unity.2D.PixelPerfect", "Unity.2D.PixelPerfect.csproj", "{c9dcbacf-3860-7ca3-e358-cd84a27d0251}"
EndProject
Project("{FAE04EC0-301F-11D3-BF4B-00C04F79EFBC}") = "Unity.2D.IK.Runtime", "Unity.2D.IK.Runtime.csproj", "{d4c2157f-601e-dd7d-a943-b0ba45a8ed7a}"
EndProject
Project("{FAE04EC0-301F-11D3-BF4B-00C04F79EFBC}") = "Unity.RenderPipeline.Universal.ShaderLibrary", "Unity.RenderPipeline.Universal.ShaderLibrary.csproj", "{61bd6223-4a45-f439-400b-19c0973b628b}"
EndProject
Project("{FAE04EC0-301F-11D3-BF4B-00C04F79EFBC}") = "Unity.2D.Common.Runtime", "Unity.2D.Common.Runtime.csproj", "{1b6d6229-864b-3ef9-d5ec-3eebd6e7473c}"
EndProject
Project("{FAE04EC0-301F-11D3-BF4B-00C04F79EFBC}") = "Unity.RenderPipelines.Core.ShaderLibrary", "Unity.RenderPipelines.Core.ShaderLibrary.csproj", "{f3cf7362-cf49-3f54-8c32-66c122a8377f}"
EndProject
Project("{FAE04EC0-301F-11D3-BF4B-00C04F79EFBC}") = "Unity.InternalAPIEngineBridge.001", "Unity.InternalAPIEngineBridge.001.csproj", "{2775f21a-8e61-fb52-9cf8-5c04b067e4e1}"
EndProject
Project("{FAE04EC0-301F-11D3-BF4B-00C04F79EFBC}") = "Unity.RenderPipelines.Universal.Shaders", "Unity.RenderPipelines.Universal.Shaders.csproj", "{1d2e6705-0d9f-bca2-eb19-8c52974df9f9}"
EndProject
Project("{FAE04EC0-301F-11D3-BF4B-00C04F79EFBC}") = "Unity.RenderPipelines.ShaderGraph.ShaderGraphLibrary", "Unity.RenderPipelines.ShaderGraph.ShaderGraphLibrary.csproj", "{0882362c-0f88-5b84-2b01-b3b3cc513725}"
EndProject
Project("{FAE04EC0-301F-11D3-BF4B-00C04F79EFBC}") = "Unity.VisualScripting.Core.Editor", "Unity.VisualScripting.Core.Editor.csproj", "{36584816-5fd8-b623-f1ce-4eb4ecd1f604}"
EndProject
Project("{FAE04EC0-301F-11D3-BF4B-00C04F79EFBC}") = "Unity.ShaderGraph.Editor", "Unity.ShaderGraph.Editor.csproj", "{98e57e47-ebd3-adcf-273d-5ff43a7679a6}"
EndProject
Project("{FAE04EC0-301F-11D3-BF4B-00C04F79EFBC}") = "Unity.VisualStudio.Editor", "Unity.VisualStudio.Editor.csproj", "{1b65d3c8-714a-80db-e81d-e2ff207d0e91}"
EndProject
Project("{FAE04EC0-301F-11D3-BF4B-00C04F79EFBC}") = "Unity.Timeline.Editor", "Unity.Timeline.Editor.csproj", "{b5bcea3f-ee64-9249-c6bd-71563963c80c}"
EndProject
Project("{FAE04EC0-301F-11D3-BF4B-00C04F79EFBC}") = "com.unity.cinemachine.editor", "com.unity.cinemachine.editor.csproj", "{549a80e6-4fb8-8a53-4921-89f46414b51a}"
EndProject
Project("{FAE04EC0-301F-11D3-BF4B-00C04F79EFBC}") = "Unity.VisualScripting.State.Editor", "Unity.VisualScripting.State.Editor.csproj", "{66bdcc4a-37a8-79b7-90de-875fb88e58d4}"
EndProject
Project("{FAE04EC0-301F-11D3-BF4B-00C04F79EFBC}") = "Unity.TextMeshPro.Editor", "Unity.TextMeshPro.Editor.csproj", "{34e81db5-5091-8f28-c2de-ce0a800cd638}"
EndProject
Project("{FAE04EC0-301F-11D3-BF4B-00C04F79EFBC}") = "Unity.2D.Animation.Editor", "Unity.2D.Animation.Editor.csproj", "{78cbf48a-99d2-9f00-b511-403a87e7d333}"
EndProject
Project("{FAE04EC0-301F-11D3-BF4B-00C04F79EFBC}") = "VSSettingsProvider", "VSSettingsProvider.csproj", "{188b0e51-c990-24c1-9bc7-128d89a8cc44}"
EndProject
Project("{FAE04EC0-301F-11D3-BF4B-00C04F79EFBC}") = "Unity.CollabProxy.Editor", "Unity.CollabProxy.Editor.csproj", "{0944d78f-c310-4d47-250a-87a69358df4f}"
EndProject
Project("{FAE04EC0-301F-11D3-BF4B-00C04F79EFBC}") = "UnityEditor.TestRunner", "UnityEditor.TestRunner.csproj", "{918bf42d-305a-3430-be5d-82974662f1e0}"
EndProject
Project("{FAE04EC0-301F-11D3-BF4B-00C04F79EFBC}") = "Unity.VisualScripting.Flow.Editor", "Unity.VisualScripting.Flow.Editor.csproj", "{e04b8212-3b1d-84c9-bb97-bc668d3ba729}"
EndProject
Project("{FAE04EC0-301F-11D3-BF4B-00C04F79EFBC}") = "Unity.Rider.Editor", "Unity.Rider.Editor.csproj", "{2ff9f268-2ec1-da86-923a-8473bbd3c0b0}"
EndProject
Project("{FAE04EC0-301F-11D3-BF4B-00C04F79EFBC}") = "Unity.2D.Path.Editor", "Unity.2D.Path.Editor.csproj", "{9f26c832-19ac-6a0d-3ca4-887b198ee5bf}"
EndProject
Project("{FAE04EC0-301F-11D3-BF4B-00C04F79EFBC}") = "Unity.RenderPipelines.Universal.Editor", "Unity.RenderPipelines.Universal.Editor.csproj", "{0e49b2b9-6be2-4bd8-f321-48774c69cc37}"
EndProject
Project("{FAE04EC0-301F-11D3-BF4B-00C04F79EFBC}") = "PsdPlugin", "PsdPlugin.csproj", "{0dae71c9-f32a-bf5d-9c96-d8f4352fc102}"
EndProject
Project("{FAE04EC0-301F-11D3-BF4B-00C04F79EFBC}") = "Unity.RenderPipelines.Core.Editor", "Unity.RenderPipelines.Core.Editor.csproj", "{c49509a5-90e7-5b43-b697-e1d15f11bb38}"
EndProject
Project("{FAE04EC0-301F-11D3-BF4B-00C04F79EFBC}") = "Unity.2D.IK.Editor", "Unity.2D.IK.Editor.csproj", "{f4398a79-9a9a-2a2d-7f84-f63d0bd4a2e1}"
EndProject
Project("{FAE04EC0-301F-11D3-BF4B-00C04F79EFBC}") = "Unity.Searcher.Editor", "Unity.Searcher.Editor.csproj", "{76c44eca-08c1-b6fd-c3c3-1751d4697a5c}"
EndProject
Project("{FAE04EC0-301F-11D3-BF4B-00C04F79EFBC}") = "Unity.2D.Psdimporter.Editor", "Unity.2D.Psdimporter.Editor.csproj", "{ba264c7f-c059-8044-6b6b-a019e48b66aa}"
EndProject
Project("{FAE04EC0-301F-11D3-BF4B-00C04F79EFBC}") = "Unity.2D.SpriteShape.Editor", "Unity.2D.SpriteShape.Editor.csproj", "{cbd78c55-28ea-a94b-f354-4b6162486087}"
EndProject
Project("{FAE04EC0-301F-11D3-BF4B-00C04F79EFBC}") = "Unity.SysrootPackage.Editor", "Unity.SysrootPackage.Editor.csproj", "{467333bd-a677-7366-726c-6a8e15d0ed12}"
EndProject
Project("{FAE04EC0-301F-11D3-BF4B-00C04F79EFBC}") = "Unity.2D.Tilemap.Editor", "Unity.2D.Tilemap.Editor.csproj", "{dadf7e94-dce0-2818-4f26-372fde221e43}"
EndProject
Project("{FAE04EC0-301F-11D3-BF4B-00C04F79EFBC}") = "Unity.2D.PixelPerfect.Editor", "Unity.2D.PixelPerfect.Editor.csproj", "{e9912ff5-72c6-c10b-4b50-68346a2e1c8c}"
EndProject
Project("{FAE04EC0-301F-11D3-BF4B-00C04F79EFBC}") = "Unity.VSCode.Editor", "Unity.VSCode.Editor.csproj", "{68f97d5f-b955-85ae-9d56-018dee60824d}"
EndProject
Project("{FAE04EC0-301F-11D3-BF4B-00C04F79EFBC}") = "Unity.Toolchain.Win-x86_64-Linux-x86_64", "Unity.Toolchain.Win-x86_64-Linux-x86_64.csproj", "{93e4d0f9-d5a1-23bc-8887-830f4a22f0c3}"
EndProject
Project("{FAE04EC0-301F-11D3-BF4B-00C04F79EFBC}") = "Unity.2D.Sprite.Editor", "Unity.2D.Sprite.Editor.csproj", "{32873079-ddba-60a3-69ac-4e9feab9ac63}"
EndProject
Project("{FAE04EC0-301F-11D3-BF4B-00C04F79EFBC}") = "UnityEditor.UI", "UnityEditor.UI.csproj", "{c50af100-04ef-1cad-0378-5c662c3f6658}"
EndProject
Project("{FAE04EC0-301F-11D3-BF4B-00C04F79EFBC}") = "Unity.Mathematics.Editor", "Unity.Mathematics.Editor.csproj", "{44c8c6bc-d7a4-daf5-e0fc-365dfa13cab6}"
EndProject
Project("{FAE04EC0-301F-11D3-BF4B-00C04F79EFBC}") = "Unity.2D.Common.Editor", "Unity.2D.Common.Editor.csproj", "{1f6ecf35-32b5-bcda-2b0d-705d16adb2f4}"
EndProject
Project("{FAE04EC0-301F-11D3-BF4B-00C04F79EFBC}") = "Unity.InternalAPIEditorBridge.001", "Unity.InternalAPIEditorBridge.001.csproj", "{f7c2194d-6907-ccfa-2a84-a89d87ba75a0}"
EndProject
Project("{FAE04EC0-301F-11D3-BF4B-00C04F79EFBC}") = "Unity.ShaderGraph.Utilities", "Unity.ShaderGraph.Utilities.csproj", "{db4080ff-160e-a5fb-20ef-ee37b2d49528}"
EndProject
Project("{FAE04EC0-301F-11D3-BF4B-00C04F79EFBC}") = "Unity.Sysroot.Linux_x86_64", "Unity.Sysroot.Linux_x86_64.csproj", "{91176cb3-48b0-a21c-8aa4-894c91781bc4}"
EndProject
Global
	GlobalSection(SolutionConfigurationPlatforms) = preSolution
		Debug|Any CPU = Debug|Any CPU
	EndGlobalSection
	GlobalSection(ProjectConfigurationPlatforms) = postSolution
		{abcef2e0-20db-ab0d-3f9d-6c2c8ff1e972}.Debug|Any CPU.ActiveCfg = Debug|Any CPU
		{abcef2e0-20db-ab0d-3f9d-6c2c8ff1e972}.Debug|Any CPU.Build.0 = Debug|Any CPU
		{300a2db9-df8c-dd67-4c51-5a1073199c95}.Debug|Any CPU.ActiveCfg = Debug|Any CPU
		{300a2db9-df8c-dd67-4c51-5a1073199c95}.Debug|Any CPU.Build.0 = Debug|Any CPU
		{056302c8-1e39-3ef0-a073-c58548c350e0}.Debug|Any CPU.ActiveCfg = Debug|Any CPU
		{056302c8-1e39-3ef0-a073-c58548c350e0}.Debug|Any CPU.Build.0 = Debug|Any CPU
		{78288c83-1d28-290f-9e7d-bd76b6da9ad4}.Debug|Any CPU.ActiveCfg = Debug|Any CPU
		{78288c83-1d28-290f-9e7d-bd76b6da9ad4}.Debug|Any CPU.Build.0 = Debug|Any CPU
		{b8680277-12ec-0cc8-e5f5-5736870c89cd}.Debug|Any CPU.ActiveCfg = Debug|Any CPU
		{b8680277-12ec-0cc8-e5f5-5736870c89cd}.Debug|Any CPU.Build.0 = Debug|Any CPU
		{4c076a2b-f546-997b-9185-0cfc66006748}.Debug|Any CPU.ActiveCfg = Debug|Any CPU
		{4c076a2b-f546-997b-9185-0cfc66006748}.Debug|Any CPU.Build.0 = Debug|Any CPU
		{9e45b3a2-2866-9e82-ef42-99e41ae8d326}.Debug|Any CPU.ActiveCfg = Debug|Any CPU
		{9e45b3a2-2866-9e82-ef42-99e41ae8d326}.Debug|Any CPU.Build.0 = Debug|Any CPU
		{c60a3919-cc39-95d4-ffb5-33ac01e26e49}.Debug|Any CPU.ActiveCfg = Debug|Any CPU
		{c60a3919-cc39-95d4-ffb5-33ac01e26e49}.Debug|Any CPU.Build.0 = Debug|Any CPU
		{36827c97-50bb-15e8-d15e-a533ce5d3b04}.Debug|Any CPU.ActiveCfg = Debug|Any CPU
		{36827c97-50bb-15e8-d15e-a533ce5d3b04}.Debug|Any CPU.Build.0 = Debug|Any CPU
		{367946ed-0514-ce8a-0722-09fe1738c631}.Debug|Any CPU.ActiveCfg = Debug|Any CPU
		{367946ed-0514-ce8a-0722-09fe1738c631}.Debug|Any CPU.Build.0 = Debug|Any CPU
		{6748d4d7-5a7c-414a-0758-bdd82723e331}.Debug|Any CPU.ActiveCfg = Debug|Any CPU
		{6748d4d7-5a7c-414a-0758-bdd82723e331}.Debug|Any CPU.Build.0 = Debug|Any CPU
		{61aaacc3-b538-5647-304f-f2ad8085dc3f}.Debug|Any CPU.ActiveCfg = Debug|Any CPU
		{61aaacc3-b538-5647-304f-f2ad8085dc3f}.Debug|Any CPU.Build.0 = Debug|Any CPU
		{cb58f357-2ab1-100a-538d-6ece56cb4fd3}.Debug|Any CPU.ActiveCfg = Debug|Any CPU
		{cb58f357-2ab1-100a-538d-6ece56cb4fd3}.Debug|Any CPU.Build.0 = Debug|Any CPU
		{ca9877e0-e8fe-c29d-a5da-8a36a1771656}.Debug|Any CPU.ActiveCfg = Debug|Any CPU
		{ca9877e0-e8fe-c29d-a5da-8a36a1771656}.Debug|Any CPU.Build.0 = Debug|Any CPU
		{68f56b21-a5e9-d2c3-d758-4ca678f9e8cd}.Debug|Any CPU.ActiveCfg = Debug|Any CPU
		{68f56b21-a5e9-d2c3-d758-4ca678f9e8cd}.Debug|Any CPU.Build.0 = Debug|Any CPU
		{c9dcbacf-3860-7ca3-e358-cd84a27d0251}.Debug|Any CPU.ActiveCfg = Debug|Any CPU
		{c9dcbacf-3860-7ca3-e358-cd84a27d0251}.Debug|Any CPU.Build.0 = Debug|Any CPU
		{d4c2157f-601e-dd7d-a943-b0ba45a8ed7a}.Debug|Any CPU.ActiveCfg = Debug|Any CPU
		{d4c2157f-601e-dd7d-a943-b0ba45a8ed7a}.Debug|Any CPU.Build.0 = Debug|Any CPU
		{61bd6223-4a45-f439-400b-19c0973b628b}.Debug|Any CPU.ActiveCfg = Debug|Any CPU
		{61bd6223-4a45-f439-400b-19c0973b628b}.Debug|Any CPU.Build.0 = Debug|Any CPU
		{1b6d6229-864b-3ef9-d5ec-3eebd6e7473c}.Debug|Any CPU.ActiveCfg = Debug|Any CPU
		{1b6d6229-864b-3ef9-d5ec-3eebd6e7473c}.Debug|Any CPU.Build.0 = Debug|Any CPU
		{f3cf7362-cf49-3f54-8c32-66c122a8377f}.Debug|Any CPU.ActiveCfg = Debug|Any CPU
		{f3cf7362-cf49-3f54-8c32-66c122a8377f}.Debug|Any CPU.Build.0 = Debug|Any CPU
		{2775f21a-8e61-fb52-9cf8-5c04b067e4e1}.Debug|Any CPU.ActiveCfg = Debug|Any CPU
		{2775f21a-8e61-fb52-9cf8-5c04b067e4e1}.Debug|Any CPU.Build.0 = Debug|Any CPU
		{1d2e6705-0d9f-bca2-eb19-8c52974df9f9}.Debug|Any CPU.ActiveCfg = Debug|Any CPU
		{1d2e6705-0d9f-bca2-eb19-8c52974df9f9}.Debug|Any CPU.Build.0 = Debug|Any CPU
		{0882362c-0f88-5b84-2b01-b3b3cc513725}.Debug|Any CPU.ActiveCfg = Debug|Any CPU
		{0882362c-0f88-5b84-2b01-b3b3cc513725}.Debug|Any CPU.Build.0 = Debug|Any CPU
		{36584816-5fd8-b623-f1ce-4eb4ecd1f604}.Debug|Any CPU.ActiveCfg = Debug|Any CPU
		{36584816-5fd8-b623-f1ce-4eb4ecd1f604}.Debug|Any CPU.Build.0 = Debug|Any CPU
		{98e57e47-ebd3-adcf-273d-5ff43a7679a6}.Debug|Any CPU.ActiveCfg = Debug|Any CPU
		{98e57e47-ebd3-adcf-273d-5ff43a7679a6}.Debug|Any CPU.Build.0 = Debug|Any CPU
		{1b65d3c8-714a-80db-e81d-e2ff207d0e91}.Debug|Any CPU.ActiveCfg = Debug|Any CPU
		{1b65d3c8-714a-80db-e81d-e2ff207d0e91}.Debug|Any CPU.Build.0 = Debug|Any CPU
		{b5bcea3f-ee64-9249-c6bd-71563963c80c}.Debug|Any CPU.ActiveCfg = Debug|Any CPU
		{b5bcea3f-ee64-9249-c6bd-71563963c80c}.Debug|Any CPU.Build.0 = Debug|Any CPU
		{549a80e6-4fb8-8a53-4921-89f46414b51a}.Debug|Any CPU.ActiveCfg = Debug|Any CPU
		{549a80e6-4fb8-8a53-4921-89f46414b51a}.Debug|Any CPU.Build.0 = Debug|Any CPU
		{66bdcc4a-37a8-79b7-90de-875fb88e58d4}.Debug|Any CPU.ActiveCfg = Debug|Any CPU
		{66bdcc4a-37a8-79b7-90de-875fb88e58d4}.Debug|Any CPU.Build.0 = Debug|Any CPU
		{34e81db5-5091-8f28-c2de-ce0a800cd638}.Debug|Any CPU.ActiveCfg = Debug|Any CPU
		{34e81db5-5091-8f28-c2de-ce0a800cd638}.Debug|Any CPU.Build.0 = Debug|Any CPU
		{78cbf48a-99d2-9f00-b511-403a87e7d333}.Debug|Any CPU.ActiveCfg = Debug|Any CPU
		{78cbf48a-99d2-9f00-b511-403a87e7d333}.Debug|Any CPU.Build.0 = Debug|Any CPU
		{188b0e51-c990-24c1-9bc7-128d89a8cc44}.Debug|Any CPU.ActiveCfg = Debug|Any CPU
		{188b0e51-c990-24c1-9bc7-128d89a8cc44}.Debug|Any CPU.Build.0 = Debug|Any CPU
		{0944d78f-c310-4d47-250a-87a69358df4f}.Debug|Any CPU.ActiveCfg = Debug|Any CPU
		{0944d78f-c310-4d47-250a-87a69358df4f}.Debug|Any CPU.Build.0 = Debug|Any CPU
		{918bf42d-305a-3430-be5d-82974662f1e0}.Debug|Any CPU.ActiveCfg = Debug|Any CPU
		{918bf42d-305a-3430-be5d-82974662f1e0}.Debug|Any CPU.Build.0 = Debug|Any CPU
		{e04b8212-3b1d-84c9-bb97-bc668d3ba729}.Debug|Any CPU.ActiveCfg = Debug|Any CPU
		{e04b8212-3b1d-84c9-bb97-bc668d3ba729}.Debug|Any CPU.Build.0 = Debug|Any CPU
		{2ff9f268-2ec1-da86-923a-8473bbd3c0b0}.Debug|Any CPU.ActiveCfg = Debug|Any CPU
		{2ff9f268-2ec1-da86-923a-8473bbd3c0b0}.Debug|Any CPU.Build.0 = Debug|Any CPU
		{9f26c832-19ac-6a0d-3ca4-887b198ee5bf}.Debug|Any CPU.ActiveCfg = Debug|Any CPU
		{9f26c832-19ac-6a0d-3ca4-887b198ee5bf}.Debug|Any CPU.Build.0 = Debug|Any CPU
		{0e49b2b9-6be2-4bd8-f321-48774c69cc37}.Debug|Any CPU.ActiveCfg = Debug|Any CPU
		{0e49b2b9-6be2-4bd8-f321-48774c69cc37}.Debug|Any CPU.Build.0 = Debug|Any CPU
		{0dae71c9-f32a-bf5d-9c96-d8f4352fc102}.Debug|Any CPU.ActiveCfg = Debug|Any CPU
		{0dae71c9-f32a-bf5d-9c96-d8f4352fc102}.Debug|Any CPU.Build.0 = Debug|Any CPU
		{c49509a5-90e7-5b43-b697-e1d15f11bb38}.Debug|Any CPU.ActiveCfg = Debug|Any CPU
		{c49509a5-90e7-5b43-b697-e1d15f11bb38}.Debug|Any CPU.Build.0 = Debug|Any CPU
		{f4398a79-9a9a-2a2d-7f84-f63d0bd4a2e1}.Debug|Any CPU.ActiveCfg = Debug|Any CPU
		{f4398a79-9a9a-2a2d-7f84-f63d0bd4a2e1}.Debug|Any CPU.Build.0 = Debug|Any CPU
		{76c44eca-08c1-b6fd-c3c3-1751d4697a5c}.Debug|Any CPU.ActiveCfg = Debug|Any CPU
		{76c44eca-08c1-b6fd-c3c3-1751d4697a5c}.Debug|Any CPU.Build.0 = Debug|Any CPU
		{ba264c7f-c059-8044-6b6b-a019e48b66aa}.Debug|Any CPU.ActiveCfg = Debug|Any CPU
		{ba264c7f-c059-8044-6b6b-a019e48b66aa}.Debug|Any CPU.Build.0 = Debug|Any CPU
		{cbd78c55-28ea-a94b-f354-4b6162486087}.Debug|Any CPU.ActiveCfg = Debug|Any CPU
		{cbd78c55-28ea-a94b-f354-4b6162486087}.Debug|Any CPU.Build.0 = Debug|Any CPU
		{467333bd-a677-7366-726c-6a8e15d0ed12}.Debug|Any CPU.ActiveCfg = Debug|Any CPU
		{467333bd-a677-7366-726c-6a8e15d0ed12}.Debug|Any CPU.Build.0 = Debug|Any CPU
		{dadf7e94-dce0-2818-4f26-372fde221e43}.Debug|Any CPU.ActiveCfg = Debug|Any CPU
		{dadf7e94-dce0-2818-4f26-372fde221e43}.Debug|Any CPU.Build.0 = Debug|Any CPU
		{e9912ff5-72c6-c10b-4b50-68346a2e1c8c}.Debug|Any CPU.ActiveCfg = Debug|Any CPU
		{e9912ff5-72c6-c10b-4b50-68346a2e1c8c}.Debug|Any CPU.Build.0 = Debug|Any CPU
		{68f97d5f-b955-85ae-9d56-018dee60824d}.Debug|Any CPU.ActiveCfg = Debug|Any CPU
		{68f97d5f-b955-85ae-9d56-018dee60824d}.Debug|Any CPU.Build.0 = Debug|Any CPU
		{93e4d0f9-d5a1-23bc-8887-830f4a22f0c3}.Debug|Any CPU.ActiveCfg = Debug|Any CPU
		{93e4d0f9-d5a1-23bc-8887-830f4a22f0c3}.Debug|Any CPU.Build.0 = Debug|Any CPU
		{32873079-ddba-60a3-69ac-4e9feab9ac63}.Debug|Any CPU.ActiveCfg = Debug|Any CPU
		{32873079-ddba-60a3-69ac-4e9feab9ac63}.Debug|Any CPU.Build.0 = Debug|Any CPU
		{c50af100-04ef-1cad-0378-5c662c3f6658}.Debug|Any CPU.ActiveCfg = Debug|Any CPU
		{c50af100-04ef-1cad-0378-5c662c3f6658}.Debug|Any CPU.Build.0 = Debug|Any CPU
		{44c8c6bc-d7a4-daf5-e0fc-365dfa13cab6}.Debug|Any CPU.ActiveCfg = Debug|Any CPU
		{44c8c6bc-d7a4-daf5-e0fc-365dfa13cab6}.Debug|Any CPU.Build.0 = Debug|Any CPU
		{1f6ecf35-32b5-bcda-2b0d-705d16adb2f4}.Debug|Any CPU.ActiveCfg = Debug|Any CPU
		{1f6ecf35-32b5-bcda-2b0d-705d16adb2f4}.Debug|Any CPU.Build.0 = Debug|Any CPU
		{f7c2194d-6907-ccfa-2a84-a89d87ba75a0}.Debug|Any CPU.ActiveCfg = Debug|Any CPU
		{f7c2194d-6907-ccfa-2a84-a89d87ba75a0}.Debug|Any CPU.Build.0 = Debug|Any CPU
		{db4080ff-160e-a5fb-20ef-ee37b2d49528}.Debug|Any CPU.ActiveCfg = Debug|Any CPU
		{db4080ff-160e-a5fb-20ef-ee37b2d49528}.Debug|Any CPU.Build.0 = Debug|Any CPU
		{91176cb3-48b0-a21c-8aa4-894c91781bc4}.Debug|Any CPU.ActiveCfg = Debug|Any CPU
		{91176cb3-48b0-a21c-8aa4-894c91781bc4}.Debug|Any CPU.Build.0 = Debug|Any CPU
	EndGlobalSection
	GlobalSection(SolutionProperties) = preSolution
		HideSolutionNode = FALSE
	EndGlobalSection
EndGlobal
